
Microsoft Visual Studio Solution File, Format Version 12.00
Project("{FAE04EC0-301F-11D3-BF4B-00C04F79EFBC}") = "HabrCacheQuery", "HabrCacheQuery\HabrCacheQuery.csproj", "{C0136348-6723-47DC-9CA4-E776EAFC83F0}"
EndProject
Project("{FAE04EC0-301F-11D3-BF4B-00C04F79EFBC}") = "HabrCacheQueryTests", "HabrCacheQueryTests\HabrCacheQueryTests.csproj", "{4FE57F1C-9B5B-4608-B165-C543A1EA350C}"
EndProject
Project("{FAE04EC0-301F-11D3-BF4B-00C04F79EFBC}") = "HabrCacheQuery.DeepEqualsReferenceTypes", "HabrCacheQuery.DeepEqualsReferenceTypes\HabrCacheQuery.DeepEqualsReferenceTypes.csproj", "{4E8F44E1-AE16-42A0-A96D-8138460D798E}"
EndProject
Global
	GlobalSection(SolutionConfigurationPlatforms) = preSolution
		Debug|Any CPU = Debug|Any CPU
		Release|Any CPU = Release|Any CPU
	EndGlobalSection
	GlobalSection(ProjectConfigurationPlatforms) = postSolution
		{C0136348-6723-47DC-9CA4-E776EAFC83F0}.Debug|Any CPU.ActiveCfg = Debug|Any CPU
		{C0136348-6723-47DC-9CA4-E776EAFC83F0}.Debug|Any CPU.Build.0 = Debug|Any CPU
		{C0136348-6723-47DC-9CA4-E776EAFC83F0}.Release|Any CPU.ActiveCfg = Release|Any CPU
		{C0136348-6723-47DC-9CA4-E776EAFC83F0}.Release|Any CPU.Build.0 = Release|Any CPU
		{4FE57F1C-9B5B-4608-B165-C543A1EA350C}.Debug|Any CPU.ActiveCfg = Debug|Any CPU
		{4FE57F1C-9B5B-4608-B165-C543A1EA350C}.Debug|Any CPU.Build.0 = Debug|Any CPU
		{4FE57F1C-9B5B-4608-B165-C543A1EA350C}.Release|Any CPU.ActiveCfg = Release|Any CPU
		{4FE57F1C-9B5B-4608-B165-C543A1EA350C}.Release|Any CPU.Build.0 = Release|Any CPU
		{4E8F44E1-AE16-42A0-A96D-8138460D798E}.Debug|Any CPU.ActiveCfg = Debug|Any CPU
		{4E8F44E1-AE16-42A0-A96D-8138460D798E}.Debug|Any CPU.Build.0 = Debug|Any CPU
		{4E8F44E1-AE16-42A0-A96D-8138460D798E}.Release|Any CPU.ActiveCfg = Release|Any CPU
		{4E8F44E1-AE16-42A0-A96D-8138460D798E}.Release|Any CPU.Build.0 = Release|Any CPU
	EndGlobalSection
EndGlobal
